// !$*UTF8*$!
{
	archiveVersion = 1;
	classes = {
	};
	objectVersion = 46;
	objects = {

/* Begin PBXBuildFile section */
		FC02B98E1A36BF8F003A0AE1 /* main.m in Sources */ = {isa = PBXBuildFile; fileRef = FC02B98D1A36BF8F003A0AE1 /* main.m */; };
		FC02B9911A36BF8F003A0AE1 /* AppDelegate.m in Sources */ = {isa = PBXBuildFile; fileRef = FC02B9901A36BF8F003A0AE1 /* AppDelegate.m */; };
		FC02B9941A36BF8F003A0AE1 /* ViewController.m in Sources */ = {isa = PBXBuildFile; fileRef = FC02B9931A36BF8F003A0AE1 /* ViewController.m */; };
		FC02B9971A36BF8F003A0AE1 /* Main.storyboard in Resources */ = {isa = PBXBuildFile; fileRef = FC02B9951A36BF8F003A0AE1 /* Main.storyboard */; };
		FC02B9991A36BF8F003A0AE1 /* Images.xcassets in Resources */ = {isa = PBXBuildFile; fileRef = FC02B9981A36BF8F003A0AE1 /* Images.xcassets */; };
		FC02B99C1A36BF8F003A0AE1 /* LaunchScreen.xib in Resources */ = {isa = PBXBuildFile; fileRef = FC02B99A1A36BF8F003A0AE1 /* LaunchScreen.xib */; };
		FC02B9A81A36BF8F003A0AE1 /* SingleWoollDemoTests.m in Sources */ = {isa = PBXBuildFile; fileRef = FC02B9A71A36BF8F003A0AE1 /* SingleWoollDemoTests.m */; };
		FC02B9CD1A36C103003A0AE1 /* DEMOHomeViewController.m in Sources */ = {isa = PBXBuildFile; fileRef = FC02B9C61A36C103003A0AE1 /* DEMOHomeViewController.m */; };
		FC02B9CE1A36C103003A0AE1 /* DEMOMenuViewController.m in Sources */ = {isa = PBXBuildFile; fileRef = FC02B9C81A36C103003A0AE1 /* DEMOMenuViewController.m */; };
		FC02B9CF1A36C103003A0AE1 /* DEMONavigationController.m in Sources */ = {isa = PBXBuildFile; fileRef = FC02B9CA1A36C103003A0AE1 /* DEMONavigationController.m */; };
		FC02B9D01A36C103003A0AE1 /* DEMOSecondViewController.m in Sources */ = {isa = PBXBuildFile; fileRef = FC02B9CC1A36C103003A0AE1 /* DEMOSecondViewController.m */; };
		FC3139CF1A372183002B18B7 /* Default-568h@2x.png in Resources */ = {isa = PBXBuildFile; fileRef = FC3139CE1A372183002B18B7 /* Default-568h@2x.png */; };
		FC3139E71A3721F1002B18B7 /* AnimateTabbar.m in Sources */ = {isa = PBXBuildFile; fileRef = FC3139D21A3721F1002B18B7 /* AnimateTabbar.m */; };
		FC3139E81A3721F1002B18B7 /* tabBar_0.png in Resources */ = {isa = PBXBuildFile; fileRef = FC3139D31A3721F1002B18B7 /* tabBar_0.png */; };
		FC3139E91A3721F1002B18B7 /* tabBar_0@2x.png in Resources */ = {isa = PBXBuildFile; fileRef = FC3139D41A3721F1002B18B7 /* tabBar_0@2x.png */; };
		FC3139EA1A3721F1002B18B7 /* tabBar_0_on.png in Resources */ = {isa = PBXBuildFile; fileRef = FC3139D51A3721F1002B18B7 /* tabBar_0_on.png */; };
		FC3139EB1A3721F1002B18B7 /* tabBar_0_on@2x.png in Resources */ = {isa = PBXBuildFile; fileRef = FC3139D61A3721F1002B18B7 /* tabBar_0_on@2x.png */; };
		FC3139EC1A3721F1002B18B7 /* tabBar_1.png in Resources */ = {isa = PBXBuildFile; fileRef = FC3139D71A3721F1002B18B7 /* tabBar_1.png */; };
		FC3139ED1A3721F1002B18B7 /* tabBar_1@2x.png in Resources */ = {isa = PBXBuildFile; fileRef = FC3139D81A3721F1002B18B7 /* tabBar_1@2x.png */; };
		FC3139EE1A3721F1002B18B7 /* tabBar_1_on.png in Resources */ = {isa = PBXBuildFile; fileRef = FC3139D91A3721F1002B18B7 /* tabBar_1_on.png */; };
		FC3139EF1A3721F1002B18B7 /* tabBar_1_on@2x.png in Resources */ = {isa = PBXBuildFile; fileRef = FC3139DA1A3721F1002B18B7 /* tabBar_1_on@2x.png */; };
		FC3139F01A3721F1002B18B7 /* tabBar_2.png in Resources */ = {isa = PBXBuildFile; fileRef = FC3139DB1A3721F1002B18B7 /* tabBar_2.png */; };
		FC3139F11A3721F1002B18B7 /* tabBar_2@2x.png in Resources */ = {isa = PBXBuildFile; fileRef = FC3139DC1A3721F1002B18B7 /* tabBar_2@2x.png */; };
		FC3139F21A3721F1002B18B7 /* tabBar_2_on.png in Resources */ = {isa = PBXBuildFile; fileRef = FC3139DD1A3721F1002B18B7 /* tabBar_2_on.png */; };
		FC3139F31A3721F1002B18B7 /* tabBar_2_on@2x.png in Resources */ = {isa = PBXBuildFile; fileRef = FC3139DE1A3721F1002B18B7 /* tabBar_2_on@2x.png */; };
		FC3139F41A3721F1002B18B7 /* tabBar_3.png in Resources */ = {isa = PBXBuildFile; fileRef = FC3139DF1A3721F1002B18B7 /* tabBar_3.png */; };
		FC3139F51A3721F1002B18B7 /* tabBar_3@2x.png in Resources */ = {isa = PBXBuildFile; fileRef = FC3139E01A3721F1002B18B7 /* tabBar_3@2x.png */; };
		FC3139F61A3721F1002B18B7 /* tabBar_3_on.png in Resources */ = {isa = PBXBuildFile; fileRef = FC3139E11A3721F1002B18B7 /* tabBar_3_on.png */; };
		FC3139F71A3721F1002B18B7 /* tabBar_3_on@2x.png in Resources */ = {isa = PBXBuildFile; fileRef = FC3139E21A3721F1002B18B7 /* tabBar_3_on@2x.png */; };
		FC3139F81A3721F1002B18B7 /* tabBar_back.png in Resources */ = {isa = PBXBuildFile; fileRef = FC3139E31A3721F1002B18B7 /* tabBar_back.png */; };
		FC3139F91A3721F1002B18B7 /* tabBar_back@2x.png in Resources */ = {isa = PBXBuildFile; fileRef = FC3139E41A3721F1002B18B7 /* tabBar_back@2x.png */; };
		FC3139FA1A3721F1002B18B7 /* toolBar_shade.png in Resources */ = {isa = PBXBuildFile; fileRef = FC3139E51A3721F1002B18B7 /* toolBar_shade.png */; };
		FC3139FB1A3721F1002B18B7 /* toolBar_shade@2x.png in Resources */ = {isa = PBXBuildFile; fileRef = FC3139E61A3721F1002B18B7 /* toolBar_shade@2x.png */; };
		FC313A011A372453002B18B7 /* FirstViewController.m in Sources */ = {isa = PBXBuildFile; fileRef = FC313A001A372453002B18B7 /* FirstViewController.m */; };
		FC313A041A3724DC002B18B7 /* SecondViewController.m in Sources */ = {isa = PBXBuildFile; fileRef = FC313A031A3724DC002B18B7 /* SecondViewController.m */; };
		FC313A071A372930002B18B7 /* ThirdViewController.m in Sources */ = {isa = PBXBuildFile; fileRef = FC313A061A372930002B18B7 /* ThirdViewController.m */; };
		FC313A0A1A37294F002B18B7 /* FourViewController.m in Sources */ = {isa = PBXBuildFile; fileRef = FC313A091A37294F002B18B7 /* FourViewController.m */; };
		FC313A381A373191002B18B7 /* CoreFoundation.framework in Frameworks */ = {isa = PBXBuildFile; fileRef = FC313A371A373191002B18B7 /* CoreFoundation.framework */; };
		FC313A3A1A3731A1002B18B7 /* UIKit.framework in Frameworks */ = {isa = PBXBuildFile; fileRef = FC313A391A3731A1002B18B7 /* UIKit.framework */; };
		FC313A3C1A3731A9002B18B7 /* CoreGraphics.framework in Frameworks */ = {isa = PBXBuildFile; fileRef = FC313A3B1A3731A9002B18B7 /* CoreGraphics.framework */; };
		FC313A3E1A3731B9002B18B7 /* Foundation.framework in Frameworks */ = {isa = PBXBuildFile; fileRef = FC313A3D1A3731B9002B18B7 /* Foundation.framework */; };
		FC313A601A373718002B18B7 /* CLTreeView_LEVEL0_Cell.m in Sources */ = {isa = PBXBuildFile; fileRef = FC313A421A373718002B18B7 /* CLTreeView_LEVEL0_Cell.m */; };
		FC313A611A373718002B18B7 /* CLTreeView_LEVEL0_Model.m in Sources */ = {isa = PBXBuildFile; fileRef = FC313A441A373718002B18B7 /* CLTreeView_LEVEL0_Model.m */; };
		FC313A621A373718002B18B7 /* CLTreeView_LEVEL1_Cell.m in Sources */ = {isa = PBXBuildFile; fileRef = FC313A461A373718002B18B7 /* CLTreeView_LEVEL1_Cell.m */; };
		FC313A631A373718002B18B7 /* CLTreeView_LEVEL1_Model.m in Sources */ = {isa = PBXBuildFile; fileRef = FC313A481A373718002B18B7 /* CLTreeView_LEVEL1_Model.m */; };
		FC313A641A373718002B18B7 /* CLTreeView_LEVEL2_Cell.m in Sources */ = {isa = PBXBuildFile; fileRef = FC313A4A1A373718002B18B7 /* CLTreeView_LEVEL2_Cell.m */; };
		FC313A651A373718002B18B7 /* CLTreeView_LEVEL2_Model.m in Sources */ = {isa = PBXBuildFile; fileRef = FC313A4C1A373718002B18B7 /* CLTreeView_LEVEL2_Model.m */; };
		FC313A661A373718002B18B7 /* CLTreeViewController.m in Sources */ = {isa = PBXBuildFile; fileRef = FC313A4E1A373718002B18B7 /* CLTreeViewController.m */; };
		FC313A671A373718002B18B7 /* CLTreeViewNode.m in Sources */ = {isa = PBXBuildFile; fileRef = FC313A501A373718002B18B7 /* CLTreeViewNode.m */; };
		FC313A681A373718002B18B7 /* contacts_collect@2x.png in Resources */ = {isa = PBXBuildFile; fileRef = FC313A521A373718002B18B7 /* contacts_collect@2x.png */; };
		FC313A691A373718002B18B7 /* contacts_major@2x.png in Resources */ = {isa = PBXBuildFile; fileRef = FC313A531A373718002B18B7 /* contacts_major@2x.png */; };
		FC313A6A1A373718002B18B7 /* head1.jpg in Resources */ = {isa = PBXBuildFile; fileRef = FC313A541A373718002B18B7 /* head1.jpg */; };
		FC313A6B1A373718002B18B7 /* head2.jpg in Resources */ = {isa = PBXBuildFile; fileRef = FC313A551A373718002B18B7 /* head2.jpg */; };
		FC313A6C1A373718002B18B7 /* head3.jpg in Resources */ = {isa = PBXBuildFile; fileRef = FC313A561A373718002B18B7 /* head3.jpg */; };
		FC313A6D1A373718002B18B7 /* head4.jpg in Resources */ = {isa = PBXBuildFile; fileRef = FC313A571A373718002B18B7 /* head4.jpg */; };
		FC313A6E1A373718002B18B7 /* head5.jpg in Resources */ = {isa = PBXBuildFile; fileRef = FC313A581A373718002B18B7 /* head5.jpg */; };
		FC313A6F1A373718002B18B7 /* head6.jpg in Resources */ = {isa = PBXBuildFile; fileRef = FC313A591A373718002B18B7 /* head6.jpg */; };
		FC313A701A373718002B18B7 /* head7.jpg in Resources */ = {isa = PBXBuildFile; fileRef = FC313A5A1A373718002B18B7 /* head7.jpg */; };
		FC313A711A373718002B18B7 /* head8.jpg in Resources */ = {isa = PBXBuildFile; fileRef = FC313A5B1A373718002B18B7 /* head8.jpg */; };
		FC313A721A373718002B18B7 /* the_arrow.png in Resources */ = {isa = PBXBuildFile; fileRef = FC313A5C1A373718002B18B7 /* the_arrow.png */; };
		FC313A731A373718002B18B7 /* Level0_Cell.xib in Resources */ = {isa = PBXBuildFile; fileRef = FC313A5D1A373718002B18B7 /* Level0_Cell.xib */; };
		FC313A741A373718002B18B7 /* Level1_Cell.xib in Resources */ = {isa = PBXBuildFile; fileRef = FC313A5E1A373718002B18B7 /* Level1_Cell.xib */; };
		FC313A751A373718002B18B7 /* Level2_Cell.xib in Resources */ = {isa = PBXBuildFile; fileRef = FC313A5F1A373718002B18B7 /* Level2_Cell.xib */; };
		FC313A781A3737E8002B18B7 /* DoubleViewController.m in Sources */ = {isa = PBXBuildFile; fileRef = FC313A771A3737E8002B18B7 /* DoubleViewController.m */; };
		FCB8AA621A373B3000615C56 /* 0.png in Resources */ = {isa = PBXBuildFile; fileRef = FCB8AA531A373B3000615C56 /* 0.png */; };
		FCB8AA631A373B3000615C56 /* 1.png in Resources */ = {isa = PBXBuildFile; fileRef = FCB8AA541A373B3000615C56 /* 1.png */; };
		FCB8AA641A373B3000615C56 /* 10.png in Resources */ = {isa = PBXBuildFile; fileRef = FCB8AA551A373B3000615C56 /* 10.png */; };
		FCB8AA651A373B3000615C56 /* 11.png in Resources */ = {isa = PBXBuildFile; fileRef = FCB8AA561A373B3000615C56 /* 11.png */; };
		FCB8AA661A373B3000615C56 /* 2.png in Resources */ = {isa = PBXBuildFile; fileRef = FCB8AA571A373B3000615C56 /* 2.png */; };
		FCB8AA671A373B3000615C56 /* 3.png in Resources */ = {isa = PBXBuildFile; fileRef = FCB8AA581A373B3000615C56 /* 3.png */; };
		FCB8AA681A373B3000615C56 /* 4.png in Resources */ = {isa = PBXBuildFile; fileRef = FCB8AA591A373B3000615C56 /* 4.png */; };
		FCB8AA691A373B3000615C56 /* 5.png in Resources */ = {isa = PBXBuildFile; fileRef = FCB8AA5A1A373B3000615C56 /* 5.png */; };
		FCB8AA6A1A373B3000615C56 /* 6.png in Resources */ = {isa = PBXBuildFile; fileRef = FCB8AA5B1A373B3000615C56 /* 6.png */; };
		FCB8AA6B1A373B3000615C56 /* 7.png in Resources */ = {isa = PBXBuildFile; fileRef = FCB8AA5C1A373B3000615C56 /* 7.png */; };
		FCB8AA6C1A373B3000615C56 /* 8.png in Resources */ = {isa = PBXBuildFile; fileRef = FCB8AA5D1A373B3000615C56 /* 8.png */; };
		FCB8AA6D1A373B3000615C56 /* 9.png in Resources */ = {isa = PBXBuildFile; fileRef = FCB8AA5E1A373B3000615C56 /* 9.png */; };
		FCB8AA6E1A373B3000615C56 /* buddy_header_arrow_down@2x.png in Resources */ = {isa = PBXBuildFile; fileRef = FCB8AA5F1A373B3000615C56 /* buddy_header_arrow_down@2x.png */; };
		FCB8AA6F1A373B3000615C56 /* buddy_header_arrow_right@2x.png in Resources */ = {isa = PBXBuildFile; fileRef = FCB8AA601A373B3000615C56 /* buddy_header_arrow_right@2x.png */; };
		FCB8AA701A373B3000615C56 /* line.png in Resources */ = {isa = PBXBuildFile; fileRef = FCB8AA611A373B3000615C56 /* line.png */; };
		FCB8AA791A373B3F00615C56 /* ZJLViewController.m in Sources */ = {isa = PBXBuildFile; fileRef = FCB8AA721A373B3F00615C56 /* ZJLViewController.m */; };
		FCB8AA7A1A373B3F00615C56 /* UIButton+Create.m in Sources */ = {isa = PBXBuildFile; fileRef = FCB8AA741A373B3F00615C56 /* UIButton+Create.m */; };
		FCB8AA7B1A373B3F00615C56 /* MainCell.m in Sources */ = {isa = PBXBuildFile; fileRef = FCB8AA761A373B3F00615C56 /* MainCell.m */; };
		FCB8AA7C1A373B3F00615C56 /* AttachedCell.m in Sources */ = {isa = PBXBuildFile; fileRef = FCB8AA781A373B3F00615C56 /* AttachedCell.m */; };
		FCE80E3B1A36C243005937A0 /* RECommonFunctions.m in Sources */ = {isa = PBXBuildFile; fileRef = FCE80E301A36C243005937A0 /* RECommonFunctions.m */; };
		FCE80E3C1A36C243005937A0 /* REFrostedContainerViewController.m in Sources */ = {isa = PBXBuildFile; fileRef = FCE80E321A36C243005937A0 /* REFrostedContainerViewController.m */; };
		FCE80E3D1A36C243005937A0 /* REFrostedViewController.m in Sources */ = {isa = PBXBuildFile; fileRef = FCE80E341A36C243005937A0 /* REFrostedViewController.m */; };
		FCE80E3E1A36C243005937A0 /* UIImage+REFrostedViewController.m in Sources */ = {isa = PBXBuildFile; fileRef = FCE80E361A36C243005937A0 /* UIImage+REFrostedViewController.m */; };
		FCE80E3F1A36C243005937A0 /* UIView+REFrostedViewController.m in Sources */ = {isa = PBXBuildFile; fileRef = FCE80E381A36C243005937A0 /* UIView+REFrostedViewController.m */; };
		FCE80E401A36C243005937A0 /* UIViewController+REFrostedViewController.m in Sources */ = {isa = PBXBuildFile; fileRef = FCE80E3A1A36C243005937A0 /* UIViewController+REFrostedViewController.m */; };
		FCE80E421A36C278005937A0 /* avatar@2x.jpg in Resources */ = {isa = PBXBuildFile; fileRef = FCE80E411A36C278005937A0 /* avatar@2x.jpg */; };
		FCE80E5A1A36CEE6005937A0 /* ASTextField.m in Sources */ = {isa = PBXBuildFile; fileRef = FCE80E4C1A36CEE6005937A0 /* ASTextField.m */; };
		FCE80E5B1A36CEE6005937A0 /* round_textfield.png in Resources */ = {isa = PBXBuildFile; fileRef = FCE80E4F1A36CEE6005937A0 /* round_textfield.png */; };
		FCE80E5C1A36CEE6005937A0 /* round_textfield@2x.png in Resources */ = {isa = PBXBuildFile; fileRef = FCE80E501A36CEE6005937A0 /* round_textfield@2x.png */; };
		FCE80E5D1A36CEE6005937A0 /* text_field.png in Resources */ = {isa = PBXBuildFile; fileRef = FCE80E511A36CEE6005937A0 /* text_field.png */; };
		FCE80E5E1A36CEE6005937A0 /* text_field@2x.png in Resources */ = {isa = PBXBuildFile; fileRef = FCE80E521A36CEE6005937A0 /* text_field@2x.png */; };
		FCE80E5F1A36CEE6005937A0 /* password_icon.png in Resources */ = {isa = PBXBuildFile; fileRef = FCE80E541A36CEE6005937A0 /* password_icon.png */; };
		FCE80E601A36CEE6005937A0 /* password_icon@2x.png in Resources */ = {isa = PBXBuildFile; fileRef = FCE80E551A36CEE6005937A0 /* password_icon@2x.png */; };
		FCE80E611A36CEE6005937A0 /* user_name_icon.png in Resources */ = {isa = PBXBuildFile; fileRef = FCE80E561A36CEE6005937A0 /* user_name_icon.png */; };
		FCE80E621A36CEE6005937A0 /* user_name_icon@2x.png in Resources */ = {isa = PBXBuildFile; fileRef = FCE80E571A36CEE6005937A0 /* user_name_icon@2x.png */; };
		FCE80E631A36CEE6005937A0 /* login_button.png in Resources */ = {isa = PBXBuildFile; fileRef = FCE80E581A36CEE6005937A0 /* login_button.png */; };
		FCE80E641A36CEE6005937A0 /* login_button@2x.png in Resources */ = {isa = PBXBuildFile; fileRef = FCE80E591A36CEE6005937A0 /* login_button@2x.png */; };
		FCE80E691A36CF29005937A0 /* ASViewController.m in Sources */ = {isa = PBXBuildFile; fileRef = FCE80E671A36CF29005937A0 /* ASViewController.m */; };
		FCE80E6A1A36CF29005937A0 /* ASViewController.xib in Resources */ = {isa = PBXBuildFile; fileRef = FCE80E681A36CF29005937A0 /* ASViewController.xib */; };
		FCE80E6D1A36D901005937A0 /* Balloon@2x.png in Resources */ = {isa = PBXBuildFile; fileRef = FCE80E6C1A36D901005937A0 /* Balloon@2x.png */; };
/* End PBXBuildFile section */

/* Begin PBXContainerItemProxy section */
		FC02B9A21A36BF8F003A0AE1 /* PBXContainerItemProxy */ = {
			isa = PBXContainerItemProxy;
			containerPortal = FC02B9801A36BF8F003A0AE1 /* Project object */;
			proxyType = 1;
			remoteGlobalIDString = FC02B9871A36BF8F003A0AE1;
			remoteInfo = SingleWoollDemo;
		};
/* End PBXContainerItemProxy section */

/* Begin PBXFileReference section */
		FC02B9881A36BF8F003A0AE1 /* SingleWoollDemo.app */ = {isa = PBXFileReference; explicitFileType = wrapper.application; includeInIndex = 0; path = SingleWoollDemo.app; sourceTree = BUILT_PRODUCTS_DIR; };
		FC02B98C1A36BF8F003A0AE1 /* Info.plist */ = {isa = PBXFileReference; lastKnownFileType = text.plist.xml; path = Info.plist; sourceTree = "<group>"; };
		FC02B98D1A36BF8F003A0AE1 /* main.m */ = {isa = PBXFileReference; lastKnownFileType = sourcecode.c.objc; path = main.m; sourceTree = "<group>"; };
		FC02B98F1A36BF8F003A0AE1 /* AppDelegate.h */ = {isa = PBXFileReference; lastKnownFileType = sourcecode.c.h; path = AppDelegate.h; sourceTree = "<group>"; };
		FC02B9901A36BF8F003A0AE1 /* AppDelegate.m */ = {isa = PBXFileReference; lastKnownFileType = sourcecode.c.objc; path = AppDelegate.m; sourceTree = "<group>"; };
		FC02B9921A36BF8F003A0AE1 /* ViewController.h */ = {isa = PBXFileReference; lastKnownFileType = sourcecode.c.h; path = ViewController.h; sourceTree = "<group>"; };
		FC02B9931A36BF8F003A0AE1 /* ViewController.m */ = {isa = PBXFileReference; lastKnownFileType = sourcecode.c.objc; path = ViewController.m; sourceTree = "<group>"; };
		FC02B9961A36BF8F003A0AE1 /* Base */ = {isa = PBXFileReference; lastKnownFileType = file.storyboard; name = Base; path = Base.lproj/Main.storyboard; sourceTree = "<group>"; };
		FC02B9981A36BF8F003A0AE1 /* Images.xcassets */ = {isa = PBXFileReference; lastKnownFileType = folder.assetcatalog; path = Images.xcassets; sourceTree = "<group>"; };
		FC02B99B1A36BF8F003A0AE1 /* Base */ = {isa = PBXFileReference; lastKnownFileType = file.xib; name = Base; path = Base.lproj/LaunchScreen.xib; sourceTree = "<group>"; };
		FC02B9A11A36BF8F003A0AE1 /* SingleWoollDemoTests.xctest */ = {isa = PBXFileReference; explicitFileType = wrapper.cfbundle; includeInIndex = 0; path = SingleWoollDemoTests.xctest; sourceTree = BUILT_PRODUCTS_DIR; };
		FC02B9A61A36BF8F003A0AE1 /* Info.plist */ = {isa = PBXFileReference; lastKnownFileType = text.plist.xml; path = Info.plist; sourceTree = "<group>"; };
		FC02B9A71A36BF8F003A0AE1 /* SingleWoollDemoTests.m */ = {isa = PBXFileReference; lastKnownFileType = sourcecode.c.objc; path = SingleWoollDemoTests.m; sourceTree = "<group>"; };
		FC02B9C51A36C103003A0AE1 /* DEMOHomeViewController.h */ = {isa = PBXFileReference; fileEncoding = 4; lastKnownFileType = sourcecode.c.h; path = DEMOHomeViewController.h; sourceTree = "<group>"; };
		FC02B9C61A36C103003A0AE1 /* DEMOHomeViewController.m */ = {isa = PBXFileReference; fileEncoding = 4; lastKnownFileType = sourcecode.c.objc; path = DEMOHomeViewController.m; sourceTree = "<group>"; };
		FC02B9C71A36C103003A0AE1 /* DEMOMenuViewController.h */ = {isa = PBXFileReference; fileEncoding = 4; lastKnownFileType = sourcecode.c.h; path = DEMOMenuViewController.h; sourceTree = "<group>"; };
		FC02B9C81A36C103003A0AE1 /* DEMOMenuViewController.m */ = {isa = PBXFileReference; fileEncoding = 4; lastKnownFileType = sourcecode.c.objc; path = DEMOMenuViewController.m; sourceTree = "<group>"; };
		FC02B9C91A36C103003A0AE1 /* DEMONavigationController.h */ = {isa = PBXFileReference; fileEncoding = 4; lastKnownFileType = sourcecode.c.h; path = DEMONavigationController.h; sourceTree = "<group>"; };
		FC02B9CA1A36C103003A0AE1 /* DEMONavigationController.m */ = {isa = PBXFileReference; fileEncoding = 4; lastKnownFileType = sourcecode.c.objc; path = DEMONavigationController.m; sourceTree = "<group>"; };
		FC02B9CB1A36C103003A0AE1 /* DEMOSecondViewController.h */ = {isa = PBXFileReference; fileEncoding = 4; lastKnownFileType = sourcecode.c.h; path = DEMOSecondViewController.h; sourceTree = "<group>"; };
		FC02B9CC1A36C103003A0AE1 /* DEMOSecondViewController.m */ = {isa = PBXFileReference; fileEncoding = 4; lastKnownFileType = sourcecode.c.objc; path = DEMOSecondViewController.m; sourceTree = "<group>"; };
		FC3139CE1A372183002B18B7 /* Default-568h@2x.png */ = {isa = PBXFileReference; lastKnownFileType = image.png; path = "Default-568h@2x.png"; sourceTree = "<group>"; };
		FC3139D11A3721F1002B18B7 /* AnimateTabbar.h */ = {isa = PBXFileReference; fileEncoding = 4; lastKnownFileType = sourcecode.c.h; path = AnimateTabbar.h; sourceTree = "<group>"; };
		FC3139D21A3721F1002B18B7 /* AnimateTabbar.m */ = {isa = PBXFileReference; fileEncoding = 4; lastKnownFileType = sourcecode.c.objc; path = AnimateTabbar.m; sourceTree = "<group>"; };
		FC3139D31A3721F1002B18B7 /* tabBar_0.png */ = {isa = PBXFileReference; lastKnownFileType = image.png; path = tabBar_0.png; sourceTree = "<group>"; };
		FC3139D41A3721F1002B18B7 /* tabBar_0@2x.png */ = {isa = PBXFileReference; lastKnownFileType = image.png; path = "tabBar_0@2x.png"; sourceTree = "<group>"; };
		FC3139D51A3721F1002B18B7 /* tabBar_0_on.png */ = {isa = PBXFileReference; lastKnownFileType = image.png; path = tabBar_0_on.png; sourceTree = "<group>"; };
		FC3139D61A3721F1002B18B7 /* tabBar_0_on@2x.png */ = {isa = PBXFileReference; lastKnownFileType = image.png; path = "tabBar_0_on@2x.png"; sourceTree = "<group>"; };
		FC3139D71A3721F1002B18B7 /* tabBar_1.png */ = {isa = PBXFileReference; lastKnownFileType = image.png; path = tabBar_1.png; sourceTree = "<group>"; };
		FC3139D81A3721F1002B18B7 /* tabBar_1@2x.png */ = {isa = PBXFileReference; lastKnownFileType = image.png; path = "tabBar_1@2x.png"; sourceTree = "<group>"; };
		FC3139D91A3721F1002B18B7 /* tabBar_1_on.png */ = {isa = PBXFileReference; lastKnownFileType = image.png; path = tabBar_1_on.png; sourceTree = "<group>"; };
		FC3139DA1A3721F1002B18B7 /* tabBar_1_on@2x.png */ = {isa = PBXFileReference; lastKnownFileType = image.png; path = "tabBar_1_on@2x.png"; sourceTree = "<group>"; };
		FC3139DB1A3721F1002B18B7 /* tabBar_2.png */ = {isa = PBXFileReference; lastKnownFileType = image.png; path = tabBar_2.png; sourceTree = "<group>"; };
		FC3139DC1A3721F1002B18B7 /* tabBar_2@2x.png */ = {isa = PBXFileReference; lastKnownFileType = image.png; path = "tabBar_2@2x.png"; sourceTree = "<group>"; };
		FC3139DD1A3721F1002B18B7 /* tabBar_2_on.png */ = {isa = PBXFileReference; lastKnownFileType = image.png; path = tabBar_2_on.png; sourceTree = "<group>"; };
		FC3139DE1A3721F1002B18B7 /* tabBar_2_on@2x.png */ = {isa = PBXFileReference; lastKnownFileType = image.png; path = "tabBar_2_on@2x.png"; sourceTree = "<group>"; };
		FC3139DF1A3721F1002B18B7 /* tabBar_3.png */ = {isa = PBXFileReference; lastKnownFileType = image.png; path = tabBar_3.png; sourceTree = "<group>"; };
		FC3139E01A3721F1002B18B7 /* tabBar_3@2x.png */ = {isa = PBXFileReference; lastKnownFileType = image.png; path = "tabBar_3@2x.png"; sourceTree = "<group>"; };
		FC3139E11A3721F1002B18B7 /* tabBar_3_on.png */ = {isa = PBXFileReference; lastKnownFileType = image.png; path = tabBar_3_on.png; sourceTree = "<group>"; };
		FC3139E21A3721F1002B18B7 /* tabBar_3_on@2x.png */ = {isa = PBXFileReference; lastKnownFileType = image.png; path = "tabBar_3_on@2x.png"; sourceTree = "<group>"; };
		FC3139E31A3721F1002B18B7 /* tabBar_back.png */ = {isa = PBXFileReference; lastKnownFileType = image.png; path = tabBar_back.png; sourceTree = "<group>"; };
		FC3139E41A3721F1002B18B7 /* tabBar_back@2x.png */ = {isa = PBXFileReference; lastKnownFileType = image.png; path = "tabBar_back@2x.png"; sourceTree = "<group>"; };
		FC3139E51A3721F1002B18B7 /* toolBar_shade.png */ = {isa = PBXFileReference; lastKnownFileType = image.png; path = toolBar_shade.png; sourceTree = "<group>"; };
		FC3139E61A3721F1002B18B7 /* toolBar_shade@2x.png */ = {isa = PBXFileReference; lastKnownFileType = image.png; path = "toolBar_shade@2x.png"; sourceTree = "<group>"; };
		FC3139FF1A372453002B18B7 /* FirstViewController.h */ = {isa = PBXFileReference; fileEncoding = 4; lastKnownFileType = sourcecode.c.h; path = FirstViewController.h; sourceTree = "<group>"; };
		FC313A001A372453002B18B7 /* FirstViewController.m */ = {isa = PBXFileReference; fileEncoding = 4; lastKnownFileType = sourcecode.c.objc; path = FirstViewController.m; sourceTree = "<group>"; };
		FC313A021A3724DC002B18B7 /* SecondViewController.h */ = {isa = PBXFileReference; fileEncoding = 4; lastKnownFileType = sourcecode.c.h; path = SecondViewController.h; sourceTree = "<group>"; };
		FC313A031A3724DC002B18B7 /* SecondViewController.m */ = {isa = PBXFileReference; fileEncoding = 4; lastKnownFileType = sourcecode.c.objc; path = SecondViewController.m; sourceTree = "<group>"; };
		FC313A051A372930002B18B7 /* ThirdViewController.h */ = {isa = PBXFileReference; fileEncoding = 4; lastKnownFileType = sourcecode.c.h; path = ThirdViewController.h; sourceTree = "<group>"; };
		FC313A061A372930002B18B7 /* ThirdViewController.m */ = {isa = PBXFileReference; fileEncoding = 4; lastKnownFileType = sourcecode.c.objc; path = ThirdViewController.m; sourceTree = "<group>"; };
		FC313A081A37294F002B18B7 /* FourViewController.h */ = {isa = PBXFileReference; fileEncoding = 4; lastKnownFileType = sourcecode.c.h; path = FourViewController.h; sourceTree = "<group>"; };
		FC313A091A37294F002B18B7 /* FourViewController.m */ = {isa = PBXFileReference; fileEncoding = 4; lastKnownFileType = sourcecode.c.objc; path = FourViewController.m; sourceTree = "<group>"; };
		FC313A371A373191002B18B7 /* CoreFoundation.framework */ = {isa = PBXFileReference; lastKnownFileType = wrapper.framework; name = CoreFoundation.framework; path = System/Library/Frameworks/CoreFoundation.framework; sourceTree = SDKROOT; };
		FC313A391A3731A1002B18B7 /* UIKit.framework */ = {isa = PBXFileReference; lastKnownFileType = wrapper.framework; name = UIKit.framework; path = System/Library/Frameworks/UIKit.framework; sourceTree = SDKROOT; };
		FC313A3B1A3731A9002B18B7 /* CoreGraphics.framework */ = {isa = PBXFileReference; lastKnownFileType = wrapper.framework; name = CoreGraphics.framework; path = System/Library/Frameworks/CoreGraphics.framework; sourceTree = SDKROOT; };
		FC313A3D1A3731B9002B18B7 /* Foundation.framework */ = {isa = PBXFileReference; lastKnownFileType = wrapper.framework; name = Foundation.framework; path = System/Library/Frameworks/Foundation.framework; sourceTree = SDKROOT; };
		FC313A401A373718002B18B7 /* CLTree.h */ = {isa = PBXFileReference; fileEncoding = 4; lastKnownFileType = sourcecode.c.h; path = CLTree.h; sourceTree = "<group>"; };
		FC313A411A373718002B18B7 /* CLTreeView_LEVEL0_Cell.h */ = {isa = PBXFileReference; fileEncoding = 4; lastKnownFileType = sourcecode.c.h; path = CLTreeView_LEVEL0_Cell.h; sourceTree = "<group>"; };
		FC313A421A373718002B18B7 /* CLTreeView_LEVEL0_Cell.m */ = {isa = PBXFileReference; fileEncoding = 4; lastKnownFileType = sourcecode.c.objc; path = CLTreeView_LEVEL0_Cell.m; sourceTree = "<group>"; };
		FC313A431A373718002B18B7 /* CLTreeView_LEVEL0_Model.h */ = {isa = PBXFileReference; fileEncoding = 4; lastKnownFileType = sourcecode.c.h; path = CLTreeView_LEVEL0_Model.h; sourceTree = "<group>"; };
		FC313A441A373718002B18B7 /* CLTreeView_LEVEL0_Model.m */ = {isa = PBXFileReference; fileEncoding = 4; lastKnownFileType = sourcecode.c.objc; path = CLTreeView_LEVEL0_Model.m; sourceTree = "<group>"; };
		FC313A451A373718002B18B7 /* CLTreeView_LEVEL1_Cell.h */ = {isa = PBXFileReference; fileEncoding = 4; lastKnownFileType = sourcecode.c.h; path = CLTreeView_LEVEL1_Cell.h; sourceTree = "<group>"; };
		FC313A461A373718002B18B7 /* CLTreeView_LEVEL1_Cell.m */ = {isa = PBXFileReference; fileEncoding = 4; lastKnownFileType = sourcecode.c.objc; path = CLTreeView_LEVEL1_Cell.m; sourceTree = "<group>"; };
		FC313A471A373718002B18B7 /* CLTreeView_LEVEL1_Model.h */ = {isa = PBXFileReference; fileEncoding = 4; lastKnownFileType = sourcecode.c.h; path = CLTreeView_LEVEL1_Model.h; sourceTree = "<group>"; };
		FC313A481A373718002B18B7 /* CLTreeView_LEVEL1_Model.m */ = {isa = PBXFileReference; fileEncoding = 4; lastKnownFileType = sourcecode.c.objc; path = CLTreeView_LEVEL1_Model.m; sourceTree = "<group>"; };
		FC313A491A373718002B18B7 /* CLTreeView_LEVEL2_Cell.h */ = {isa = PBXFileReference; fileEncoding = 4; lastKnownFileType = sourcecode.c.h; path = CLTreeView_LEVEL2_Cell.h; sourceTree = "<group>"; };
		FC313A4A1A373718002B18B7 /* CLTreeView_LEVEL2_Cell.m */ = {isa = PBXFileReference; fileEncoding = 4; lastKnownFileType = sourcecode.c.objc; path = CLTreeView_LEVEL2_Cell.m; sourceTree = "<group>"; };
		FC313A4B1A373718002B18B7 /* CLTreeView_LEVEL2_Model.h */ = {isa = PBXFileReference; fileEncoding = 4; lastKnownFileType = sourcecode.c.h; path = CLTreeView_LEVEL2_Model.h; sourceTree = "<group>"; };
		FC313A4C1A373718002B18B7 /* CLTreeView_LEVEL2_Model.m */ = {isa = PBXFileReference; fileEncoding = 4; lastKnownFileType = sourcecode.c.objc; path = CLTreeView_LEVEL2_Model.m; sourceTree = "<group>"; };
		FC313A4D1A373718002B18B7 /* CLTreeViewController.h */ = {isa = PBXFileReference; fileEncoding = 4; lastKnownFileType = sourcecode.c.h; path = CLTreeViewController.h; sourceTree = "<group>"; };
		FC313A4E1A373718002B18B7 /* CLTreeViewController.m */ = {isa = PBXFileReference; fileEncoding = 4; lastKnownFileType = sourcecode.c.objc; path = CLTreeViewController.m; sourceTree = "<group>"; };
		FC313A4F1A373718002B18B7 /* CLTreeViewNode.h */ = {isa = PBXFileReference; fileEncoding = 4; lastKnownFileType = sourcecode.c.h; path = CLTreeViewNode.h; sourceTree = "<group>"; };
		FC313A501A373718002B18B7 /* CLTreeViewNode.m */ = {isa = PBXFileReference; fileEncoding = 4; lastKnownFileType = sourcecode.c.objc; path = CLTreeViewNode.m; sourceTree = "<group>"; };
		FC313A521A373718002B18B7 /* contacts_collect@2x.png */ = {isa = PBXFileReference; lastKnownFileType = image.png; path = "contacts_collect@2x.png"; sourceTree = "<group>"; };
		FC313A531A373718002B18B7 /* contacts_major@2x.png */ = {isa = PBXFileReference; lastKnownFileType = image.png; path = "contacts_major@2x.png"; sourceTree = "<group>"; };
		FC313A541A373718002B18B7 /* head1.jpg */ = {isa = PBXFileReference; lastKnownFileType = image.jpeg; path = head1.jpg; sourceTree = "<group>"; };
		FC313A551A373718002B18B7 /* head2.jpg */ = {isa = PBXFileReference; lastKnownFileType = image.jpeg; path = head2.jpg; sourceTree = "<group>"; };
		FC313A561A373718002B18B7 /* head3.jpg */ = {isa = PBXFileReference; lastKnownFileType = image.jpeg; path = head3.jpg; sourceTree = "<group>"; };
		FC313A571A373718002B18B7 /* head4.jpg */ = {isa = PBXFileReference; lastKnownFileType = image.jpeg; path = head4.jpg; sourceTree = "<group>"; };
		FC313A581A373718002B18B7 /* head5.jpg */ = {isa = PBXFileReference; lastKnownFileType = image.jpeg; path = head5.jpg; sourceTree = "<group>"; };
		FC313A591A373718002B18B7 /* head6.jpg */ = {isa = PBXFileReference; lastKnownFileType = image.jpeg; path = head6.jpg; sourceTree = "<group>"; };
		FC313A5A1A373718002B18B7 /* head7.jpg */ = {isa = PBXFileReference; lastKnownFileType = image.jpeg; path = head7.jpg; sourceTree = "<group>"; };
		FC313A5B1A373718002B18B7 /* head8.jpg */ = {isa = PBXFileReference; lastKnownFileType = image.jpeg; path = head8.jpg; sourceTree = "<group>"; };
		FC313A5C1A373718002B18B7 /* the_arrow.png */ = {isa = PBXFileReference; lastKnownFileType = image.png; path = the_arrow.png; sourceTree = "<group>"; };
		FC313A5D1A373718002B18B7 /* Level0_Cell.xib */ = {isa = PBXFileReference; fileEncoding = 4; lastKnownFileType = file.xib; path = Level0_Cell.xib; sourceTree = "<group>"; };
		FC313A5E1A373718002B18B7 /* Level1_Cell.xib */ = {isa = PBXFileReference; fileEncoding = 4; lastKnownFileType = file.xib; path = Level1_Cell.xib; sourceTree = "<group>"; };
		FC313A5F1A373718002B18B7 /* Level2_Cell.xib */ = {isa = PBXFileReference; fileEncoding = 4; lastKnownFileType = file.xib; path = Level2_Cell.xib; sourceTree = "<group>"; };
		FC313A761A3737E8002B18B7 /* DoubleViewController.h */ = {isa = PBXFileReference; fileEncoding = 4; lastKnownFileType = sourcecode.c.h; path = DoubleViewController.h; sourceTree = "<group>"; };
		FC313A771A3737E8002B18B7 /* DoubleViewController.m */ = {isa = PBXFileReference; fileEncoding = 4; lastKnownFileType = sourcecode.c.objc; path = DoubleViewController.m; sourceTree = "<group>"; };
		FCB8AA531A373B3000615C56 /* 0.png */ = {isa = PBXFileReference; lastKnownFileType = image.png; path = 0.png; sourceTree = "<group>"; };
		FCB8AA541A373B3000615C56 /* 1.png */ = {isa = PBXFileReference; lastKnownFileType = image.png; path = 1.png; sourceTree = "<group>"; };
		FCB8AA551A373B3000615C56 /* 10.png */ = {isa = PBXFileReference; lastKnownFileType = image.png; path = 10.png; sourceTree = "<group>"; };
		FCB8AA561A373B3000615C56 /* 11.png */ = {isa = PBXFileReference; lastKnownFileType = image.png; path = 11.png; sourceTree = "<group>"; };
		FCB8AA571A373B3000615C56 /* 2.png */ = {isa = PBXFileReference; lastKnownFileType = image.png; path = 2.png; sourceTree = "<group>"; };
		FCB8AA581A373B3000615C56 /* 3.png */ = {isa = PBXFileReference; lastKnownFileType = image.png; path = 3.png; sourceTree = "<group>"; };
		FCB8AA591A373B3000615C56 /* 4.png */ = {isa = PBXFileReference; lastKnownFileType = image.png; path = 4.png; sourceTree = "<group>"; };
		FCB8AA5A1A373B3000615C56 /* 5.png */ = {isa = PBXFileReference; lastKnownFileType = image.png; path = 5.png; sourceTree = "<group>"; };
		FCB8AA5B1A373B3000615C56 /* 6.png */ = {isa = PBXFileReference; lastKnownFileType = image.png; path = 6.png; sourceTree = "<group>"; };
		FCB8AA5C1A373B3000615C56 /* 7.png */ = {isa = PBXFileReference; lastKnownFileType = image.png; path = 7.png; sourceTree = "<group>"; };
		FCB8AA5D1A373B3000615C56 /* 8.png */ = {isa = PBXFileReference; lastKnownFileType = image.png; path = 8.png; sourceTree = "<group>"; };
		FCB8AA5E1A373B3000615C56 /* 9.png */ = {isa = PBXFileReference; lastKnownFileType = image.png; path = 9.png; sourceTree = "<group>"; };
		FCB8AA5F1A373B3000615C56 /* buddy_header_arrow_down@2x.png */ = {isa = PBXFileReference; lastKnownFileType = image.png; path = "buddy_header_arrow_down@2x.png"; sourceTree = "<group>"; };
		FCB8AA601A373B3000615C56 /* buddy_header_arrow_right@2x.png */ = {isa = PBXFileReference; lastKnownFileType = image.png; path = "buddy_header_arrow_right@2x.png"; sourceTree = "<group>"; };
		FCB8AA611A373B3000615C56 /* line.png */ = {isa = PBXFileReference; lastKnownFileType = image.png; path = line.png; sourceTree = "<group>"; };
		FCB8AA711A373B3F00615C56 /* ZJLViewController.h */ = {isa = PBXFileReference; fileEncoding = 4; lastKnownFileType = sourcecode.c.h; path = ZJLViewController.h; sourceTree = "<group>"; };
		FCB8AA721A373B3F00615C56 /* ZJLViewController.m */ = {isa = PBXFileReference; fileEncoding = 4; lastKnownFileType = sourcecode.c.objc; path = ZJLViewController.m; sourceTree = "<group>"; };
		FCB8AA731A373B3F00615C56 /* UIButton+Create.h */ = {isa = PBXFileReference; fileEncoding = 4; lastKnownFileType = sourcecode.c.h; path = "UIButton+Create.h"; sourceTree = "<group>"; };
		FCB8AA741A373B3F00615C56 /* UIButton+Create.m */ = {isa = PBXFileReference; fileEncoding = 4; lastKnownFileType = sourcecode.c.objc; path = "UIButton+Create.m"; sourceTree = "<group>"; };
		FCB8AA751A373B3F00615C56 /* MainCell.h */ = {isa = PBXFileReference; fileEncoding = 4; lastKnownFileType = sourcecode.c.h; path = MainCell.h; sourceTree = "<group>"; };
		FCB8AA761A373B3F00615C56 /* MainCell.m */ = {isa = PBXFileReference; fileEncoding = 4; lastKnownFileType = sourcecode.c.objc; path = MainCell.m; sourceTree = "<group>"; };
		FCB8AA771A373B3F00615C56 /* AttachedCell.h */ = {isa = PBXFileReference; fileEncoding = 4; lastKnownFileType = sourcecode.c.h; path = AttachedCell.h; sourceTree = "<group>"; };
		FCB8AA781A373B3F00615C56 /* AttachedCell.m */ = {isa = PBXFileReference; fileEncoding = 4; lastKnownFileType = sourcecode.c.objc; path = AttachedCell.m; sourceTree = "<group>"; };
		FCE80E2F1A36C243005937A0 /* RECommonFunctions.h */ = {isa = PBXFileReference; fileEncoding = 4; lastKnownFileType = sourcecode.c.h; path = RECommonFunctions.h; sourceTree = "<group>"; };
		FCE80E301A36C243005937A0 /* RECommonFunctions.m */ = {isa = PBXFileReference; fileEncoding = 4; lastKnownFileType = sourcecode.c.objc; path = RECommonFunctions.m; sourceTree = "<group>"; };
		FCE80E311A36C243005937A0 /* REFrostedContainerViewController.h */ = {isa = PBXFileReference; fileEncoding = 4; lastKnownFileType = sourcecode.c.h; path = REFrostedContainerViewController.h; sourceTree = "<group>"; };
		FCE80E321A36C243005937A0 /* REFrostedContainerViewController.m */ = {isa = PBXFileReference; fileEncoding = 4; lastKnownFileType = sourcecode.c.objc; path = REFrostedContainerViewController.m; sourceTree = "<group>"; };
		FCE80E331A36C243005937A0 /* REFrostedViewController.h */ = {isa = PBXFileReference; fileEncoding = 4; lastKnownFileType = sourcecode.c.h; path = REFrostedViewController.h; sourceTree = "<group>"; };
		FCE80E341A36C243005937A0 /* REFrostedViewController.m */ = {isa = PBXFileReference; fileEncoding = 4; lastKnownFileType = sourcecode.c.objc; path = REFrostedViewController.m; sourceTree = "<group>"; };
		FCE80E351A36C243005937A0 /* UIImage+REFrostedViewController.h */ = {isa = PBXFileReference; fileEncoding = 4; lastKnownFileType = sourcecode.c.h; path = "UIImage+REFrostedViewController.h"; sourceTree = "<group>"; };
		FCE80E361A36C243005937A0 /* UIImage+REFrostedViewController.m */ = {isa = PBXFileReference; fileEncoding = 4; lastKnownFileType = sourcecode.c.objc; path = "UIImage+REFrostedViewController.m"; sourceTree = "<group>"; };
		FCE80E371A36C243005937A0 /* UIView+REFrostedViewController.h */ = {isa = PBXFileReference; fileEncoding = 4; lastKnownFileType = sourcecode.c.h; path = "UIView+REFrostedViewController.h"; sourceTree = "<group>"; };
		FCE80E381A36C243005937A0 /* UIView+REFrostedViewController.m */ = {isa = PBXFileReference; fileEncoding = 4; lastKnownFileType = sourcecode.c.objc; path = "UIView+REFrostedViewController.m"; sourceTree = "<group>"; };
		FCE80E391A36C243005937A0 /* UIViewController+REFrostedViewController.h */ = {isa = PBXFileReference; fileEncoding = 4; lastKnownFileType = sourcecode.c.h; path = "UIViewController+REFrostedViewController.h"; sourceTree = "<group>"; };
		FCE80E3A1A36C243005937A0 /* UIViewController+REFrostedViewController.m */ = {isa = PBXFileReference; fileEncoding = 4; lastKnownFileType = sourcecode.c.objc; path = "UIViewController+REFrostedViewController.m"; sourceTree = "<group>"; };
		FCE80E411A36C278005937A0 /* avatar@2x.jpg */ = {isa = PBXFileReference; lastKnownFileType = image.jpeg; path = "avatar@2x.jpg"; sourceTree = "<group>"; };
		FCE80E4B1A36CEE6005937A0 /* ASTextField.h */ = {isa = PBXFileReference; fileEncoding = 4; lastKnownFileType = sourcecode.c.h; path = ASTextField.h; sourceTree = "<group>"; };
		FCE80E4C1A36CEE6005937A0 /* ASTextField.m */ = {isa = PBXFileReference; fileEncoding = 4; lastKnownFileType = sourcecode.c.objc; path = ASTextField.m; sourceTree = "<group>"; };
		FCE80E4F1A36CEE6005937A0 /* round_textfield.png */ = {isa = PBXFileReference; lastKnownFileType = image.png; path = round_textfield.png; sourceTree = "<group>"; };
		FCE80E501A36CEE6005937A0 /* round_textfield@2x.png */ = {isa = PBXFileReference; lastKnownFileType = image.png; path = "round_textfield@2x.png"; sourceTree = "<group>"; };
		FCE80E511A36CEE6005937A0 /* text_field.png */ = {isa = PBXFileReference; lastKnownFileType = image.png; path = text_field.png; sourceTree = "<group>"; };
		FCE80E521A36CEE6005937A0 /* text_field@2x.png */ = {isa = PBXFileReference; lastKnownFileType = image.png; path = "text_field@2x.png"; sourceTree = "<group>"; };
		FCE80E541A36CEE6005937A0 /* password_icon.png */ = {isa = PBXFileReference; lastKnownFileType = image.png; path = password_icon.png; sourceTree = "<group>"; };
		FCE80E551A36CEE6005937A0 /* password_icon@2x.png */ = {isa = PBXFileReference; lastKnownFileType = image.png; path = "password_icon@2x.png"; sourceTree = "<group>"; };
		FCE80E561A36CEE6005937A0 /* user_name_icon.png */ = {isa = PBXFileReference; lastKnownFileType = image.png; path = user_name_icon.png; sourceTree = "<group>"; };
		FCE80E571A36CEE6005937A0 /* user_name_icon@2x.png */ = {isa = PBXFileReference; lastKnownFileType = image.png; path = "user_name_icon@2x.png"; sourceTree = "<group>"; };
		FCE80E581A36CEE6005937A0 /* login_button.png */ = {isa = PBXFileReference; lastKnownFileType = image.png; path = login_button.png; sourceTree = "<group>"; };
		FCE80E591A36CEE6005937A0 /* login_button@2x.png */ = {isa = PBXFileReference; lastKnownFileType = image.png; path = "login_button@2x.png"; sourceTree = "<group>"; };
		FCE80E661A36CF29005937A0 /* ASViewController.h */ = {isa = PBXFileReference; fileEncoding = 4; lastKnownFileType = sourcecode.c.h; path = ASViewController.h; sourceTree = "<group>"; };
		FCE80E671A36CF29005937A0 /* ASViewController.m */ = {isa = PBXFileReference; fileEncoding = 4; lastKnownFileType = sourcecode.c.objc; path = ASViewController.m; sourceTree = "<group>"; };
		FCE80E681A36CF29005937A0 /* ASViewController.xib */ = {isa = PBXFileReference; fileEncoding = 4; lastKnownFileType = file.xib; path = ASViewController.xib; sourceTree = "<group>"; };
		FCE80E6C1A36D901005937A0 /* Balloon@2x.png */ = {isa = PBXFileReference; lastKnownFileType = image.png; path = "Balloon@2x.png"; sourceTree = "<group>"; };
/* End PBXFileReference section */

/* Begin PBXFrameworksBuildPhase section */
		FC02B9851A36BF8F003A0AE1 /* Frameworks */ = {
			isa = PBXFrameworksBuildPhase;
			buildActionMask = 2147483647;
			files = (
				FC313A3E1A3731B9002B18B7 /* Foundation.framework in Frameworks */,
				FC313A3C1A3731A9002B18B7 /* CoreGraphics.framework in Frameworks */,
				FC313A3A1A3731A1002B18B7 /* UIKit.framework in Frameworks */,
				FC313A381A373191002B18B7 /* CoreFoundation.framework in Frameworks */,
			);
			runOnlyForDeploymentPostprocessing = 0;
		};
		FC02B99E1A36BF8F003A0AE1 /* Frameworks */ = {
			isa = PBXFrameworksBuildPhase;
			buildActionMask = 2147483647;
			files = (
			);
			runOnlyForDeploymentPostprocessing = 0;
		};
/* End PBXFrameworksBuildPhase section */

/* Begin PBXGroup section */
		FC02B97F1A36BF8F003A0AE1 = {
			isa = PBXGroup;
			children = (
				FC313A3D1A3731B9002B18B7 /* Foundation.framework */,
				FC313A3B1A3731A9002B18B7 /* CoreGraphics.framework */,
				FC313A391A3731A1002B18B7 /* UIKit.framework */,
				FC313A371A373191002B18B7 /* CoreFoundation.framework */,
				FC3139CE1A372183002B18B7 /* Default-568h@2x.png */,
				FC02B98A1A36BF8F003A0AE1 /* SingleWoollDemo */,
				FC02B9A41A36BF8F003A0AE1 /* SingleWoollDemoTests */,
				FC02B9891A36BF8F003A0AE1 /* Products */,
			);
			sourceTree = "<group>";
		};
		FC02B9891A36BF8F003A0AE1 /* Products */ = {
			isa = PBXGroup;
			children = (
				FC02B9881A36BF8F003A0AE1 /* SingleWoollDemo.app */,
				FC02B9A11A36BF8F003A0AE1 /* SingleWoollDemoTests.xctest */,
			);
			name = Products;
			sourceTree = "<group>";
		};
		FC02B98A1A36BF8F003A0AE1 /* SingleWoollDemo */ = {
			isa = PBXGroup;
			children = (
				FCB8AA521A373B3000615C56 /* imageFile */,
				FC313A791A373A81002B18B7 /* firstviewLib */,
				FC313A761A3737E8002B18B7 /* DoubleViewController.h */,
				FC313A771A3737E8002B18B7 /* DoubleViewController.m */,
				FC313A3F1A373718002B18B7 /* CLTreeView */,
				FC3139FC1A3723D8002B18B7 /* mainviewcontrol */,
				FC3139D01A3721F1002B18B7 /* AnimateTabbar */,
				FCE80E6C1A36D901005937A0 /* Balloon@2x.png */,
				FCE80E411A36C278005937A0 /* avatar@2x.jpg */,
				FCE80E651A36CF1E005937A0 /* login */,
				FCE80E4A1A36CEE6005937A0 /* ASTextField */,
				FCE80E2E1A36C243005937A0 /* REFrostedViewController */,
				FC02B9C41A36C0C6003A0AE1 /* controller */,
				FC02B98F1A36BF8F003A0AE1 /* AppDelegate.h */,
				FC02B9901A36BF8F003A0AE1 /* AppDelegate.m */,
				FC02B9921A36BF8F003A0AE1 /* ViewController.h */,
				FC02B9931A36BF8F003A0AE1 /* ViewController.m */,
				FC02B9951A36BF8F003A0AE1 /* Main.storyboard */,
				FC02B9981A36BF8F003A0AE1 /* Images.xcassets */,
				FC02B99A1A36BF8F003A0AE1 /* LaunchScreen.xib */,
				FC02B98B1A36BF8F003A0AE1 /* Supporting Files */,
			);
			path = SingleWoollDemo;
			sourceTree = "<group>";
		};
		FC02B98B1A36BF8F003A0AE1 /* Supporting Files */ = {
			isa = PBXGroup;
			children = (
				FC02B98C1A36BF8F003A0AE1 /* Info.plist */,
				FC02B98D1A36BF8F003A0AE1 /* main.m */,
			);
			name = "Supporting Files";
			sourceTree = "<group>";
		};
		FC02B9A41A36BF8F003A0AE1 /* SingleWoollDemoTests */ = {
			isa = PBXGroup;
			children = (
				FC02B9A71A36BF8F003A0AE1 /* SingleWoollDemoTests.m */,
				FC02B9A51A36BF8F003A0AE1 /* Supporting Files */,
			);
			path = SingleWoollDemoTests;
			sourceTree = "<group>";
		};
		FC02B9A51A36BF8F003A0AE1 /* Supporting Files */ = {
			isa = PBXGroup;
			children = (
				FC02B9A61A36BF8F003A0AE1 /* Info.plist */,
			);
			name = "Supporting Files";
			sourceTree = "<group>";
		};
		FC02B9C41A36C0C6003A0AE1 /* controller */ = {
			isa = PBXGroup;
			children = (
				FC02B9C51A36C103003A0AE1 /* DEMOHomeViewController.h */,
				FC02B9C61A36C103003A0AE1 /* DEMOHomeViewController.m */,
				FC02B9C71A36C103003A0AE1 /* DEMOMenuViewController.h */,
				FC02B9C81A36C103003A0AE1 /* DEMOMenuViewController.m */,
				FC02B9C91A36C103003A0AE1 /* DEMONavigationController.h */,
				FC02B9CA1A36C103003A0AE1 /* DEMONavigationController.m */,
				FC02B9CB1A36C103003A0AE1 /* DEMOSecondViewController.h */,
				FC02B9CC1A36C103003A0AE1 /* DEMOSecondViewController.m */,
			);
			name = controller;
			sourceTree = "<group>";
		};
		FC3139D01A3721F1002B18B7 /* AnimateTabbar */ = {
			isa = PBXGroup;
			children = (
				FC3139D11A3721F1002B18B7 /* AnimateTabbar.h */,
				FC3139D21A3721F1002B18B7 /* AnimateTabbar.m */,
				FC3139D31A3721F1002B18B7 /* tabBar_0.png */,
				FC3139D41A3721F1002B18B7 /* tabBar_0@2x.png */,
				FC3139D51A3721F1002B18B7 /* tabBar_0_on.png */,
				FC3139D61A3721F1002B18B7 /* tabBar_0_on@2x.png */,
				FC3139D71A3721F1002B18B7 /* tabBar_1.png */,
				FC3139D81A3721F1002B18B7 /* tabBar_1@2x.png */,
				FC3139D91A3721F1002B18B7 /* tabBar_1_on.png */,
				FC3139DA1A3721F1002B18B7 /* tabBar_1_on@2x.png */,
				FC3139DB1A3721F1002B18B7 /* tabBar_2.png */,
				FC3139DC1A3721F1002B18B7 /* tabBar_2@2x.png */,
				FC3139DD1A3721F1002B18B7 /* tabBar_2_on.png */,
				FC3139DE1A3721F1002B18B7 /* tabBar_2_on@2x.png */,
				FC3139DF1A3721F1002B18B7 /* tabBar_3.png */,
				FC3139E01A3721F1002B18B7 /* tabBar_3@2x.png */,
				FC3139E11A3721F1002B18B7 /* tabBar_3_on.png */,
				FC3139E21A3721F1002B18B7 /* tabBar_3_on@2x.png */,
				FC3139E31A3721F1002B18B7 /* tabBar_back.png */,
				FC3139E41A3721F1002B18B7 /* tabBar_back@2x.png */,
				FC3139E51A3721F1002B18B7 /* toolBar_shade.png */,
				FC3139E61A3721F1002B18B7 /* toolBar_shade@2x.png */,
			);
			path = AnimateTabbar;
			sourceTree = "<group>";
		};
		FC3139FC1A3723D8002B18B7 /* mainviewcontrol */ = {
			isa = PBXGroup;
			children = (
				FC3139FF1A372453002B18B7 /* FirstViewController.h */,
				FC313A001A372453002B18B7 /* FirstViewController.m */,
				FC313A021A3724DC002B18B7 /* SecondViewController.h */,
				FC313A031A3724DC002B18B7 /* SecondViewController.m */,
				FC313A051A372930002B18B7 /* ThirdViewController.h */,
				FC313A061A372930002B18B7 /* ThirdViewController.m */,
				FC313A081A37294F002B18B7 /* FourViewController.h */,
				FC313A091A37294F002B18B7 /* FourViewController.m */,
			);
			name = mainviewcontrol;
			sourceTree = "<group>";
		};
		FC313A3F1A373718002B18B7 /* CLTreeView */ = {
			isa = PBXGroup;
			children = (
				FC313A401A373718002B18B7 /* CLTree.h */,
				FC313A411A373718002B18B7 /* CLTreeView_LEVEL0_Cell.h */,
				FC313A421A373718002B18B7 /* CLTreeView_LEVEL0_Cell.m */,
				FC313A431A373718002B18B7 /* CLTreeView_LEVEL0_Model.h */,
				FC313A441A373718002B18B7 /* CLTreeView_LEVEL0_Model.m */,
				FC313A451A373718002B18B7 /* CLTreeView_LEVEL1_Cell.h */,
				FC313A461A373718002B18B7 /* CLTreeView_LEVEL1_Cell.m */,
				FC313A471A373718002B18B7 /* CLTreeView_LEVEL1_Model.h */,
				FC313A481A373718002B18B7 /* CLTreeView_LEVEL1_Model.m */,
				FC313A491A373718002B18B7 /* CLTreeView_LEVEL2_Cell.h */,
				FC313A4A1A373718002B18B7 /* CLTreeView_LEVEL2_Cell.m */,
				FC313A4B1A373718002B18B7 /* CLTreeView_LEVEL2_Model.h */,
				FC313A4C1A373718002B18B7 /* CLTreeView_LEVEL2_Model.m */,
				FC313A4D1A373718002B18B7 /* CLTreeViewController.h */,
				FC313A4E1A373718002B18B7 /* CLTreeViewController.m */,
				FC313A4F1A373718002B18B7 /* CLTreeViewNode.h */,
				FC313A501A373718002B18B7 /* CLTreeViewNode.m */,
				FC313A511A373718002B18B7 /* image */,
				FC313A5D1A373718002B18B7 /* Level0_Cell.xib */,
				FC313A5E1A373718002B18B7 /* Level1_Cell.xib */,
				FC313A5F1A373718002B18B7 /* Level2_Cell.xib */,
			);
			path = CLTreeView;
			sourceTree = "<group>";
		};
		FC313A511A373718002B18B7 /* image */ = {
			isa = PBXGroup;
			children = (
				FC313A521A373718002B18B7 /* contacts_collect@2x.png */,
				FC313A531A373718002B18B7 /* contacts_major@2x.png */,
				FC313A541A373718002B18B7 /* head1.jpg */,
				FC313A551A373718002B18B7 /* head2.jpg */,
				FC313A561A373718002B18B7 /* head3.jpg */,
				FC313A571A373718002B18B7 /* head4.jpg */,
				FC313A581A373718002B18B7 /* head5.jpg */,
				FC313A591A373718002B18B7 /* head6.jpg */,
				FC313A5A1A373718002B18B7 /* head7.jpg */,
				FC313A5B1A373718002B18B7 /* head8.jpg */,
				FC313A5C1A373718002B18B7 /* the_arrow.png */,
			);
			path = image;
			sourceTree = "<group>";
		};
		FC313A791A373A81002B18B7 /* firstviewLib */ = {
			isa = PBXGroup;
			children = (
				FCB8AA711A373B3F00615C56 /* ZJLViewController.h */,
				FCB8AA721A373B3F00615C56 /* ZJLViewController.m */,
				FCB8AA731A373B3F00615C56 /* UIButton+Create.h */,
				FCB8AA741A373B3F00615C56 /* UIButton+Create.m */,
				FCB8AA751A373B3F00615C56 /* MainCell.h */,
				FCB8AA761A373B3F00615C56 /* MainCell.m */,
				FCB8AA771A373B3F00615C56 /* AttachedCell.h */,
				FCB8AA781A373B3F00615C56 /* AttachedCell.m */,
			);
			name = firstviewLib;
			sourceTree = "<group>";
		};
		FCB8AA521A373B3000615C56 /* imageFile */ = {
			isa = PBXGroup;
			children = (
				FCB8AA531A373B3000615C56 /* 0.png */,
				FCB8AA541A373B3000615C56 /* 1.png */,
				FCB8AA551A373B3000615C56 /* 10.png */,
				FCB8AA561A373B3000615C56 /* 11.png */,
				FCB8AA571A373B3000615C56 /* 2.png */,
				FCB8AA581A373B3000615C56 /* 3.png */,
				FCB8AA591A373B3000615C56 /* 4.png */,
				FCB8AA5A1A373B3000615C56 /* 5.png */,
				FCB8AA5B1A373B3000615C56 /* 6.png */,
				FCB8AA5C1A373B3000615C56 /* 7.png */,
				FCB8AA5D1A373B3000615C56 /* 8.png */,
				FCB8AA5E1A373B3000615C56 /* 9.png */,
				FCB8AA5F1A373B3000615C56 /* buddy_header_arrow_down@2x.png */,
				FCB8AA601A373B3000615C56 /* buddy_header_arrow_right@2x.png */,
				FCB8AA611A373B3000615C56 /* line.png */,
			);
			path = imageFile;
			sourceTree = "<group>";
		};
		FCE80E2E1A36C243005937A0 /* REFrostedViewController */ = {
			isa = PBXGroup;
			children = (
				FCE80E2F1A36C243005937A0 /* RECommonFunctions.h */,
				FCE80E301A36C243005937A0 /* RECommonFunctions.m */,
				FCE80E311A36C243005937A0 /* REFrostedContainerViewController.h */,
				FCE80E321A36C243005937A0 /* REFrostedContainerViewController.m */,
				FCE80E331A36C243005937A0 /* REFrostedViewController.h */,
				FCE80E341A36C243005937A0 /* REFrostedViewController.m */,
				FCE80E351A36C243005937A0 /* UIImage+REFrostedViewController.h */,
				FCE80E361A36C243005937A0 /* UIImage+REFrostedViewController.m */,
				FCE80E371A36C243005937A0 /* UIView+REFrostedViewController.h */,
				FCE80E381A36C243005937A0 /* UIView+REFrostedViewController.m */,
				FCE80E391A36C243005937A0 /* UIViewController+REFrostedViewController.h */,
				FCE80E3A1A36C243005937A0 /* UIViewController+REFrostedViewController.m */,
			);
			path = REFrostedViewController;
			sourceTree = "<group>";
		};
		FCE80E4A1A36CEE6005937A0 /* ASTextField */ = {
			isa = PBXGroup;
			children = (
				FCE80E4B1A36CEE6005937A0 /* ASTextField.h */,
				FCE80E4C1A36CEE6005937A0 /* ASTextField.m */,
				FCE80E4D1A36CEE6005937A0 /* Resources */,
			);
			path = ASTextField;
			sourceTree = "<group>";
		};
		FCE80E4D1A36CEE6005937A0 /* Resources */ = {
			isa = PBXGroup;
			children = (
				FCE80E4E1A36CEE6005937A0 /* backgrounds */,
				FCE80E531A36CEE6005937A0 /* icon */,
				FCE80E581A36CEE6005937A0 /* login_button.png */,
				FCE80E591A36CEE6005937A0 /* login_button@2x.png */,
			);
			path = Resources;
			sourceTree = "<group>";
		};
		FCE80E4E1A36CEE6005937A0 /* backgrounds */ = {
			isa = PBXGroup;
			children = (
				FCE80E4F1A36CEE6005937A0 /* round_textfield.png */,
				FCE80E501A36CEE6005937A0 /* round_textfield@2x.png */,
				FCE80E511A36CEE6005937A0 /* text_field.png */,
				FCE80E521A36CEE6005937A0 /* text_field@2x.png */,
			);
			path = backgrounds;
			sourceTree = "<group>";
		};
		FCE80E531A36CEE6005937A0 /* icon */ = {
			isa = PBXGroup;
			children = (
				FCE80E541A36CEE6005937A0 /* password_icon.png */,
				FCE80E551A36CEE6005937A0 /* password_icon@2x.png */,
				FCE80E561A36CEE6005937A0 /* user_name_icon.png */,
				FCE80E571A36CEE6005937A0 /* user_name_icon@2x.png */,
			);
			path = icon;
			sourceTree = "<group>";
		};
		FCE80E651A36CF1E005937A0 /* login */ = {
			isa = PBXGroup;
			children = (
				FCE80E661A36CF29005937A0 /* ASViewController.h */,
				FCE80E671A36CF29005937A0 /* ASViewController.m */,
				FCE80E681A36CF29005937A0 /* ASViewController.xib */,
			);
			name = login;
			sourceTree = "<group>";
		};
/* End PBXGroup section */

/* Begin PBXNativeTarget section */
		FC02B9871A36BF8F003A0AE1 /* SingleWoollDemo */ = {
			isa = PBXNativeTarget;
			buildConfigurationList = FC02B9AB1A36BF8F003A0AE1 /* Build configuration list for PBXNativeTarget "SingleWoollDemo" */;
			buildPhases = (
				FC02B9841A36BF8F003A0AE1 /* Sources */,
				FC02B9851A36BF8F003A0AE1 /* Frameworks */,
				FC02B9861A36BF8F003A0AE1 /* Resources */,
			);
			buildRules = (
			);
			dependencies = (
			);
			name = SingleWoollDemo;
			productName = SingleWoollDemo;
			productReference = FC02B9881A36BF8F003A0AE1 /* SingleWoollDemo.app */;
			productType = "com.apple.product-type.application";
		};
		FC02B9A01A36BF8F003A0AE1 /* SingleWoollDemoTests */ = {
			isa = PBXNativeTarget;
			buildConfigurationList = FC02B9AE1A36BF8F003A0AE1 /* Build configuration list for PBXNativeTarget "SingleWoollDemoTests" */;
			buildPhases = (
				FC02B99D1A36BF8F003A0AE1 /* Sources */,
				FC02B99E1A36BF8F003A0AE1 /* Frameworks */,
				FC02B99F1A36BF8F003A0AE1 /* Resources */,
			);
			buildRules = (
			);
			dependencies = (
				FC02B9A31A36BF8F003A0AE1 /* PBXTargetDependency */,
			);
			name = SingleWoollDemoTests;
			productName = SingleWoollDemoTests;
			productReference = FC02B9A11A36BF8F003A0AE1 /* SingleWoollDemoTests.xctest */;
			productType = "com.apple.product-type.bundle.unit-test";
		};
/* End PBXNativeTarget section */

/* Begin PBXProject section */
		FC02B9801A36BF8F003A0AE1 /* Project object */ = {
			isa = PBXProject;
			attributes = {
				LastUpgradeCheck = 0610;
				ORGANIZATIONNAME = wanhuo;
				TargetAttributes = {
					FC02B9871A36BF8F003A0AE1 = {
						CreatedOnToolsVersion = 6.1;
					};
					FC02B9A01A36BF8F003A0AE1 = {
						CreatedOnToolsVersion = 6.1;
						TestTargetID = FC02B9871A36BF8F003A0AE1;
					};
				};
			};
			buildConfigurationList = FC02B9831A36BF8F003A0AE1 /* Build configuration list for PBXProject "SingleWoollDemo" */;
			compatibilityVersion = "Xcode 3.2";
			developmentRegion = English;
			hasScannedForEncodings = 0;
			knownRegions = (
				en,
				Base,
			);
			mainGroup = FC02B97F1A36BF8F003A0AE1;
			productRefGroup = FC02B9891A36BF8F003A0AE1 /* Products */;
			projectDirPath = "";
			projectRoot = "";
			targets = (
				FC02B9871A36BF8F003A0AE1 /* SingleWoollDemo */,
				FC02B9A01A36BF8F003A0AE1 /* SingleWoollDemoTests */,
			);
		};
/* End PBXProject section */

/* Begin PBXResourcesBuildPhase section */
		FC02B9861A36BF8F003A0AE1 /* Resources */ = {
			isa = PBXResourcesBuildPhase;
			buildActionMask = 2147483647;
			files = (
				FCB8AA6C1A373B3000615C56 /* 8.png in Resources */,
				FCB8AA651A373B3000615C56 /* 11.png in Resources */,
				FC3139F81A3721F1002B18B7 /* tabBar_back.png in Resources */,
				FCB8AA661A373B3000615C56 /* 2.png in Resources */,
				FC313A6F1A373718002B18B7 /* head6.jpg in Resources */,
				FC3139F31A3721F1002B18B7 /* tabBar_2_on@2x.png in Resources */,
				FCE80E6A1A36CF29005937A0 /* ASViewController.xib in Resources */,
				FC313A751A373718002B18B7 /* Level2_Cell.xib in Resources */,
				FC3139EA1A3721F1002B18B7 /* tabBar_0_on.png in Resources */,
				FCE80E641A36CEE6005937A0 /* login_button@2x.png in Resources */,
				FC3139EF1A3721F1002B18B7 /* tabBar_1_on@2x.png in Resources */,
				FC3139ED1A3721F1002B18B7 /* tabBar_1@2x.png in Resources */,
				FCE80E6D1A36D901005937A0 /* Balloon@2x.png in Resources */,
				FC3139EB1A3721F1002B18B7 /* tabBar_0_on@2x.png in Resources */,
				FCE80E611A36CEE6005937A0 /* user_name_icon.png in Resources */,
				FCE80E601A36CEE6005937A0 /* password_icon@2x.png in Resources */,
				FC313A6A1A373718002B18B7 /* head1.jpg in Resources */,
				FCB8AA701A373B3000615C56 /* line.png in Resources */,
				FCE80E5F1A36CEE6005937A0 /* password_icon.png in Resources */,
				FCE80E631A36CEE6005937A0 /* login_button.png in Resources */,
				FC3139EE1A3721F1002B18B7 /* tabBar_1_on.png in Resources */,
				FC3139F41A3721F1002B18B7 /* tabBar_3.png in Resources */,
				FCB8AA681A373B3000615C56 /* 4.png in Resources */,
				FC3139FB1A3721F1002B18B7 /* toolBar_shade@2x.png in Resources */,
				FC3139F11A3721F1002B18B7 /* tabBar_2@2x.png in Resources */,
				FCB8AA691A373B3000615C56 /* 5.png in Resources */,
				FC3139F91A3721F1002B18B7 /* tabBar_back@2x.png in Resources */,
				FCE80E5B1A36CEE6005937A0 /* round_textfield.png in Resources */,
				FCB8AA671A373B3000615C56 /* 3.png in Resources */,
				FC3139CF1A372183002B18B7 /* Default-568h@2x.png in Resources */,
				FC313A711A373718002B18B7 /* head8.jpg in Resources */,
				FCB8AA6D1A373B3000615C56 /* 9.png in Resources */,
				FC313A6D1A373718002B18B7 /* head4.jpg in Resources */,
				FC3139EC1A3721F1002B18B7 /* tabBar_1.png in Resources */,
				FC02B9971A36BF8F003A0AE1 /* Main.storyboard in Resources */,
				FCE80E421A36C278005937A0 /* avatar@2x.jpg in Resources */,
				FCB8AA6B1A373B3000615C56 /* 7.png in Resources */,
				FC02B99C1A36BF8F003A0AE1 /* LaunchScreen.xib in Resources */,
				FC3139F21A3721F1002B18B7 /* tabBar_2_on.png in Resources */,
				FC313A6E1A373718002B18B7 /* head5.jpg in Resources */,
				FC3139F01A3721F1002B18B7 /* tabBar_2.png in Resources */,
				FCB8AA641A373B3000615C56 /* 10.png in Resources */,
				FCE80E5D1A36CEE6005937A0 /* text_field.png in Resources */,
				FC313A691A373718002B18B7 /* contacts_major@2x.png in Resources */,
				FC3139F51A3721F1002B18B7 /* tabBar_3@2x.png in Resources */,
				FC02B9991A36BF8F003A0AE1 /* Images.xcassets in Resources */,
				FCB8AA621A373B3000615C56 /* 0.png in Resources */,
				FC313A6C1A373718002B18B7 /* head3.jpg in Resources */,
				FC313A6B1A373718002B18B7 /* head2.jpg in Resources */,
				FCE80E621A36CEE6005937A0 /* user_name_icon@2x.png in Resources */,
				FCE80E5E1A36CEE6005937A0 /* text_field@2x.png in Resources */,
				FC3139F61A3721F1002B18B7 /* tabBar_3_on.png in Resources */,
				FC3139E91A3721F1002B18B7 /* tabBar_0@2x.png in Resources */,
				FC3139F71A3721F1002B18B7 /* tabBar_3_on@2x.png in Resources */,
				FC3139E81A3721F1002B18B7 /* tabBar_0.png in Resources */,
				FC313A721A373718002B18B7 /* the_arrow.png in Resources */,
				FC313A741A373718002B18B7 /* Level1_Cell.xib in Resources */,
				FC313A731A373718002B18B7 /* Level0_Cell.xib in Resources */,
				FCB8AA6A1A373B3000615C56 /* 6.png in Resources */,
				FCB8AA6F1A373B3000615C56 /* buddy_header_arrow_right@2x.png in Resources */,
				FCE80E5C1A36CEE6005937A0 /* round_textfield@2x.png in Resources */,
				FC313A681A373718002B18B7 /* contacts_collect@2x.png in Resources */,
				FCB8AA6E1A373B3000615C56 /* buddy_header_arrow_down@2x.png in Resources */,
				FCB8AA631A373B3000615C56 /* 1.png in Resources */,
				FC3139FA1A3721F1002B18B7 /* toolBar_shade.png in Resources */,
				FC313A701A373718002B18B7 /* head7.jpg in Resources */,
			);
			runOnlyForDeploymentPostprocessing = 0;
		};
		FC02B99F1A36BF8F003A0AE1 /* Resources */ = {
			isa = PBXResourcesBuildPhase;
			buildActionMask = 2147483647;
			files = (
			);
			runOnlyForDeploymentPostprocessing = 0;
		};
/* End PBXResourcesBuildPhase section */

/* Begin PBXSourcesBuildPhase section */
		FC02B9841A36BF8F003A0AE1 /* Sources */ = {
			isa = PBXSourcesBuildPhase;
			buildActionMask = 2147483647;
			files = (
				FC313A041A3724DC002B18B7 /* SecondViewController.m in Sources */,
				FC02B9941A36BF8F003A0AE1 /* ViewController.m in Sources */,
				FC313A0A1A37294F002B18B7 /* FourViewController.m in Sources */,
				FCE80E3C1A36C243005937A0 /* REFrostedContainerViewController.m in Sources */,
				FC02B9911A36BF8F003A0AE1 /* AppDelegate.m in Sources */,
				FC313A611A373718002B18B7 /* CLTreeView_LEVEL0_Model.m in Sources */,
				FC02B9CF1A36C103003A0AE1 /* DEMONavigationController.m in Sources */,
				FCE80E691A36CF29005937A0 /* ASViewController.m in Sources */,
				FC3139E71A3721F1002B18B7 /* AnimateTabbar.m in Sources */,
				FC313A661A373718002B18B7 /* CLTreeViewController.m in Sources */,
				FCB8AA7B1A373B3F00615C56 /* MainCell.m in Sources */,
				FC02B98E1A36BF8F003A0AE1 /* main.m in Sources */,
				FCE80E401A36C243005937A0 /* UIViewController+REFrostedViewController.m in Sources */,
				FCE80E3E1A36C243005937A0 /* UIImage+REFrostedViewController.m in Sources */,
				FC313A641A373718002B18B7 /* CLTreeView_LEVEL2_Cell.m in Sources */,
				FC313A621A373718002B18B7 /* CLTreeView_LEVEL1_Cell.m in Sources */,
				FC313A671A373718002B18B7 /* CLTreeViewNode.m in Sources */,
				FC313A781A3737E8002B18B7 /* DoubleViewController.m in Sources */,
				FCB8AA791A373B3F00615C56 /* ZJLViewController.m in Sources */,
				FCB8AA7A1A373B3F00615C56 /* UIButton+Create.m in Sources */,
				FC313A071A372930002B18B7 /* ThirdViewController.m in Sources */,
				FC02B9D01A36C103003A0AE1 /* DEMOSecondViewController.m in Sources */,
				FCB8AA7C1A373B3F00615C56 /* AttachedCell.m in Sources */,
				FC02B9CD1A36C103003A0AE1 /* DEMOHomeViewController.m in Sources */,
				FCE80E3F1A36C243005937A0 /* UIView+REFrostedViewController.m in Sources */,
				FC313A011A372453002B18B7 /* FirstViewController.m in Sources */,
				FC313A651A373718002B18B7 /* CLTreeView_LEVEL2_Model.m in Sources */,
				FC02B9CE1A36C103003A0AE1 /* DEMOMenuViewController.m in Sources */,
				FCE80E5A1A36CEE6005937A0 /* ASTextField.m in Sources */,
				FCE80E3B1A36C243005937A0 /* RECommonFunctions.m in Sources */,
				FC313A601A373718002B18B7 /* CLTreeView_LEVEL0_Cell.m in Sources */,
				FC313A631A373718002B18B7 /* CLTreeView_LEVEL1_Model.m in Sources */,
				FCE80E3D1A36C243005937A0 /* REFrostedViewController.m in Sources */,
			);
			runOnlyForDeploymentPostprocessing = 0;
		};
		FC02B99D1A36BF8F003A0AE1 /* Sources */ = {
			isa = PBXSourcesBuildPhase;
			buildActionMask = 2147483647;
			files = (
				FC02B9A81A36BF8F003A0AE1 /* SingleWoollDemoTests.m in Sources */,
			);
			runOnlyForDeploymentPostprocessing = 0;
		};
/* End PBXSourcesBuildPhase section */

/* Begin PBXTargetDependency section */
		FC02B9A31A36BF8F003A0AE1 /* PBXTargetDependency */ = {
			isa = PBXTargetDependency;
			target = FC02B9871A36BF8F003A0AE1 /* SingleWoollDemo */;
			targetProxy = FC02B9A21A36BF8F003A0AE1 /* PBXContainerItemProxy */;
		};
/* End PBXTargetDependency section */

/* Begin PBXVariantGroup section */
		FC02B9951A36BF8F003A0AE1 /* Main.storyboard */ = {
			isa = PBXVariantGroup;
			children = (
				FC02B9961A36BF8F003A0AE1 /* Base */,
			);
			name = Main.storyboard;
			sourceTree = "<group>";
		};
		FC02B99A1A36BF8F003A0AE1 /* LaunchScreen.xib */ = {
			isa = PBXVariantGroup;
			children = (
				FC02B99B1A36BF8F003A0AE1 /* Base */,
			);
			name = LaunchScreen.xib;
			sourceTree = "<group>";
		};
/* End PBXVariantGroup section */

/* Begin XCBuildConfiguration section */
		FC02B9A91A36BF8F003A0AE1 /* Debug */ = {
			isa = XCBuildConfiguration;
			buildSettings = {
				ALWAYS_SEARCH_USER_PATHS = NO;
				CLANG_CXX_LANGUAGE_STANDARD = "gnu++0x";
				CLANG_CXX_LIBRARY = "libc++";
				CLANG_ENABLE_MODULES = YES;
				CLANG_ENABLE_OBJC_ARC = YES;
				CLANG_WARN_BOOL_CONVERSION = YES;
				CLANG_WARN_CONSTANT_CONVERSION = YES;
				CLANG_WARN_DIRECT_OBJC_ISA_USAGE = YES_ERROR;
				CLANG_WARN_EMPTY_BODY = YES;
				CLANG_WARN_ENUM_CONVERSION = YES;
				CLANG_WARN_INT_CONVERSION = YES;
				CLANG_WARN_OBJC_ROOT_CLASS = YES_ERROR;
				CLANG_WARN_UNREACHABLE_CODE = YES;
				CLANG_WARN__DUPLICATE_METHOD_MATCH = YES;
				"CODE_SIGN_IDENTITY[sdk=iphoneos*]" = "iPhone Developer";
				COPY_PHASE_STRIP = NO;
				ENABLE_STRICT_OBJC_MSGSEND = YES;
				GCC_C_LANGUAGE_STANDARD = gnu99;
				GCC_DYNAMIC_NO_PIC = NO;
				GCC_OPTIMIZATION_LEVEL = 0;
				GCC_PREPROCESSOR_DEFINITIONS = (
					"DEBUG=1",
					"$(inherited)",
				);
				GCC_SYMBOLS_PRIVATE_EXTERN = NO;
				GCC_WARN_64_TO_32_BIT_CONVERSION = YES;
				GCC_WARN_ABOUT_RETURN_TYPE = YES_ERROR;
				GCC_WARN_UNDECLARED_SELECTOR = YES;
				GCC_WARN_UNINITIALIZED_AUTOS = YES_AGGRESSIVE;
				GCC_WARN_UNUSED_FUNCTION = YES;
				GCC_WARN_UNUSED_VARIABLE = YES;
				IPHONEOS_DEPLOYMENT_TARGET = 8.1;
				MTL_ENABLE_DEBUG_INFO = YES;
				ONLY_ACTIVE_ARCH = YES;
				SDKROOT = iphoneos;
				TARGETED_DEVICE_FAMILY = "1,2";
			};
			name = Debug;
		};
		FC02B9AA1A36BF8F003A0AE1 /* Release */ = {
			isa = XCBuildConfiguration;
			buildSettings = {
				ALWAYS_SEARCH_USER_PATHS = NO;
				CLANG_CXX_LANGUAGE_STANDARD = "gnu++0x";
				CLANG_CXX_LIBRARY = "libc++";
				CLANG_ENABLE_MODULES = YES;
				CLANG_ENABLE_OBJC_ARC = YES;
				CLANG_WARN_BOOL_CONVERSION = YES;
				CLANG_WARN_CONSTANT_CONVERSION = YES;
				CLANG_WARN_DIRECT_OBJC_ISA_USAGE = YES_ERROR;
				CLANG_WARN_EMPTY_BODY = YES;
				CLANG_WARN_ENUM_CONVERSION = YES;
				CLANG_WARN_INT_CONVERSION = YES;
				CLANG_WARN_OBJC_ROOT_CLASS = YES_ERROR;
				CLANG_WARN_UNREACHABLE_CODE = YES;
				CLANG_WARN__DUPLICATE_METHOD_MATCH = YES;
				"CODE_SIGN_IDENTITY[sdk=iphoneos*]" = "iPhone Developer";
				COPY_PHASE_STRIP = YES;
				ENABLE_NS_ASSERTIONS = NO;
				ENABLE_STRICT_OBJC_MSGSEND = YES;
				GCC_C_LANGUAGE_STANDARD = gnu99;
				GCC_WARN_64_TO_32_BIT_CONVERSION = YES;
				GCC_WARN_ABOUT_RETURN_TYPE = YES_ERROR;
				GCC_WARN_UNDECLARED_SELECTOR = YES;
				GCC_WARN_UNINITIALIZED_AUTOS = YES_AGGRESSIVE;
				GCC_WARN_UNUSED_FUNCTION = YES;
				GCC_WARN_UNUSED_VARIABLE = YES;
				IPHONEOS_DEPLOYMENT_TARGET = 8.1;
				MTL_ENABLE_DEBUG_INFO = NO;
				SDKROOT = iphoneos;
				TARGETED_DEVICE_FAMILY = "1,2";
				VALIDATE_PRODUCT = YES;
			};
			name = Release;
		};
		FC02B9AC1A36BF8F003A0AE1 /* Debug */ = {
			isa = XCBuildConfiguration;
			buildSettings = {
				ASSETCATALOG_COMPILER_APPICON_NAME = AppIcon;
				INFOPLIST_FILE = SingleWoollDemo/Info.plist;
				IPHONEOS_DEPLOYMENT_TARGET = 7.1;
				LD_RUNPATH_SEARCH_PATHS = "$(inherited) @executable_path/Frameworks";
				PRODUCT_NAME = "$(TARGET_NAME)";
				TARGETED_DEVICE_FAMILY = 1;
			};
			name = Debug;
		};
		FC02B9AD1A36BF8F003A0AE1 /* Release */ = {
			isa = XCBuildConfiguration;
			buildSettings = {
				ASSETCATALOG_COMPILER_APPICON_NAME = AppIcon;
				INFOPLIST_FILE = SingleWoollDemo/Info.plist;
				IPHONEOS_DEPLOYMENT_TARGET = 7.1;
				LD_RUNPATH_SEARCH_PATHS = "$(inherited) @executable_path/Frameworks";
				PRODUCT_NAME = "$(TARGET_NAME)";
				TARGETED_DEVICE_FAMILY = 1;
			};
			name = Release;
		};
		FC02B9AF1A36BF8F003A0AE1 /* Debug */ = {
			isa = XCBuildConfiguration;
			buildSettings = {
				BUNDLE_LOADER = "$(TEST_HOST)";
				FRAMEWORK_SEARCH_PATHS = (
					"$(SDKROOT)/Developer/Library/Frameworks",
					"$(inherited)",
				);
				GCC_PREPROCESSOR_DEFINITIONS = (
					"DEBUG=1",
					"$(inherited)",
				);
				INFOPLIST_FILE = SingleWoollDemoTests/Info.plist;
				LD_RUNPATH_SEARCH_PATHS = "$(inherited) @executable_path/Frameworks @loader_path/Frameworks";
				PRODUCT_NAME = "$(TARGET_NAME)";
				TEST_HOST = "$(BUILT_PRODUCTS_DIR)/SingleWoollDemo.app/SingleWoollDemo";
			};
			name = Debug;
		};
		FC02B9B01A36BF8F003A0AE1 /* Release */ = {
			isa = XCBuildConfiguration;
			buildSettings = {
				BUNDLE_LOADER = "$(TEST_HOST)";
				FRAMEWORK_SEARCH_PATHS = (
					"$(SDKROOT)/Developer/Library/Frameworks",
					"$(inherited)",
				);
				INFOPLIST_FILE = SingleWoollDemoTests/Info.plist;
				LD_RUNPATH_SEARCH_PATHS = "$(inherited) @executable_path/Frameworks @loader_path/Frameworks";
				PRODUCT_NAME = "$(TARGET_NAME)";
				TEST_HOST = "$(BUILT_PRODUCTS_DIR)/SingleWoollDemo.app/SingleWoollDemo";
			};
			name = Release;
		};
/* End XCBuildConfiguration section */

/* Begin XCConfigurationList section */
		FC02B9831A36BF8F003A0AE1 /* Build configuration list for PBXProject "SingleWoollDemo" */ = {
			isa = XCConfigurationList;
			buildConfigurations = (
				FC02B9A91A36BF8F003A0AE1 /* Debug */,
				FC02B9AA1A36BF8F003A0AE1 /* Release */,
			);
			defaultConfigurationIsVisible = 0;
			defaultConfigurationName = Release;
		};
		FC02B9AB1A36BF8F003A0AE1 /* Build configuration list for PBXNativeTarget "SingleWoollDemo" */ = {
			isa = XCConfigurationList;
			buildConfigurations = (
				FC02B9AC1A36BF8F003A0AE1 /* Debug */,
				FC02B9AD1A36BF8F003A0AE1 /* Release */,
			);
			defaultConfigurationIsVisible = 0;
			defaultConfigurationName = Release;
		};
		FC02B9AE1A36BF8F003A0AE1 /* Build configuration list for PBXNativeTarget "SingleWoollDemoTests" */ = {
			isa = XCConfigurationList;
			buildConfigurations = (
				FC02B9AF1A36BF8F003A0AE1 /* Debug */,
				FC02B9B01A36BF8F003A0AE1 /* Release */,
			);
			defaultConfigurationIsVisible = 0;
			defaultConfigurationName = Release;
		};
/* End XCConfigurationList section */
	};
	rootObject = FC02B9801A36BF8F003A0AE1 /* Project object */;
}
